// !$*UTF8*$!
{
	archiveVersion = 1;
	classes = {
	};
	objectVersion = 56;
	objects = {

/* Begin PBXBuildFile section */
		F2FF02F32902989100A76844 /* OnboardingSwiftUIApp.swift in Sources */ = {isa = PBXBuildFile; fileRef = F2FF02F22902989100A76844 /* OnboardingSwiftUIApp.swift */; };
		F2FF02F52902989100A76844 /* ContentView.swift in Sources */ = {isa = PBXBuildFile; fileRef = F2FF02F42902989100A76844 /* ContentView.swift */; };
		F2FF02F72902989200A76844 /* Assets.xcassets in Resources */ = {isa = PBXBuildFile; fileRef = F2FF02F62902989200A76844 /* Assets.xcassets */; };
		F2FF02FA2902989200A76844 /* Preview Assets.xcassets in Resources */ = {isa = PBXBuildFile; fileRef = F2FF02F92902989200A76844 /* Preview Assets.xcassets */; };
		F2FF03012902B7BE00A76844 /* Text.swift in Sources */ = {isa = PBXBuildFile; fileRef = F2FF03002902B7BE00A76844 /* Text.swift */; };
		F2FF03032902B7CF00A76844 /* ButtonViews.swift in Sources */ = {isa = PBXBuildFile; fileRef = F2FF03022902B7CF00A76844 /* ButtonViews.swift */; };
		F2FF03052902B81C00A76844 /* Model.swift in Sources */ = {isa = PBXBuildFile; fileRef = F2FF03042902B81C00A76844 /* Model.swift */; };
		F2FF03072902BED100A76844 /* Image.swift in Sources */ = {isa = PBXBuildFile; fileRef = F2FF03062902BED100A76844 /* Image.swift */; };
		F2FF030F2903D4E100A76844 /* PlayerView.swift in Sources */ = {isa = PBXBuildFile; fileRef = F2FF030E2903D4E100A76844 /* PlayerView.swift */; };
		F2FF03112903ECBC00A76844 /* SubscribeContentView.swift in Sources */ = {isa = PBXBuildFile; fileRef = F2FF03102903ECBC00A76844 /* SubscribeContentView.swift */; };
		F2FF0313290665B200A76844 /* Player.swift in Sources */ = {isa = PBXBuildFile; fileRef = F2FF0312290665B200A76844 /* Player.swift */; };
		F2FF031A29066A8E00A76844 /* MainContentView.swift in Sources */ = {isa = PBXBuildFile; fileRef = F2FF031929066A8E00A76844 /* MainContentView.swift */; };
		F2FF031C29066F2700A76844 /* Goose.gif in Resources */ = {isa = PBXBuildFile; fileRef = F2FF031B29066F2700A76844 /* Goose.gif */; };
		F2FF031E29066F9200A76844 /* GifImage.swift in Sources */ = {isa = PBXBuildFile; fileRef = F2FF031D29066F9200A76844 /* GifImage.swift */; };
		F2FF0320290676C300A76844 /* Falling sand.mp4 in Resources */ = {isa = PBXBuildFile; fileRef = F2FF031F290676C300A76844 /* Falling sand.mp4 */; };
		F2FF032329071A2200A76844 /* FLAnimatedImage in Frameworks */ = {isa = PBXBuildFile; productRef = F2FF032229071A2200A76844 /* FLAnimatedImage */; };
/* End PBXBuildFile section */

/* Begin PBXFileReference section */
		F2FF02EF2902989100A76844 /* OnboardingSwiftUI.app */ = {isa = PBXFileReference; explicitFileType = wrapper.application; includeInIndex = 0; path = OnboardingSwiftUI.app; sourceTree = BUILT_PRODUCTS_DIR; };
		F2FF02F22902989100A76844 /* OnboardingSwiftUIApp.swift */ = {isa = PBXFileReference; lastKnownFileType = sourcecode.swift; path = OnboardingSwiftUIApp.swift; sourceTree = "<group>"; };
		F2FF02F42902989100A76844 /* ContentView.swift */ = {isa = PBXFileReference; lastKnownFileType = sourcecode.swift; path = ContentView.swift; sourceTree = "<group>"; };
		F2FF02F62902989200A76844 /* Assets.xcassets */ = {isa = PBXFileReference; lastKnownFileType = folder.assetcatalog; path = Assets.xcassets; sourceTree = "<group>"; };
		F2FF02F92902989200A76844 /* Preview Assets.xcassets */ = {isa = PBXFileReference; lastKnownFileType = folder.assetcatalog; path = "Preview Assets.xcassets"; sourceTree = "<group>"; };
		F2FF03002902B7BE00A76844 /* Text.swift */ = {isa = PBXFileReference; lastKnownFileType = sourcecode.swift; path = Text.swift; sourceTree = "<group>"; };
		F2FF03022902B7CF00A76844 /* ButtonViews.swift */ = {isa = PBXFileReference; lastKnownFileType = sourcecode.swift; path = ButtonViews.swift; sourceTree = "<group>"; };
		F2FF03042902B81C00A76844 /* Model.swift */ = {isa = PBXFileReference; lastKnownFileType = sourcecode.swift; path = Model.swift; sourceTree = "<group>"; };
		F2FF03062902BED100A76844 /* Image.swift */ = {isa = PBXFileReference; lastKnownFileType = sourcecode.swift; path = Image.swift; sourceTree = "<group>"; };
		F2FF030E2903D4E100A76844 /* PlayerView.swift */ = {isa = PBXFileReference; lastKnownFileType = sourcecode.swift; path = PlayerView.swift; sourceTree = "<group>"; };
		F2FF03102903ECBC00A76844 /* SubscribeContentView.swift */ = {isa = PBXFileReference; lastKnownFileType = sourcecode.swift; path = SubscribeContentView.swift; sourceTree = "<group>"; };
		F2FF0312290665B200A76844 /* Player.swift */ = {isa = PBXFileReference; lastKnownFileType = sourcecode.swift; path = Player.swift; sourceTree = "<group>"; };
		F2FF031929066A8E00A76844 /* MainContentView.swift */ = {isa = PBXFileReference; lastKnownFileType = sourcecode.swift; path = MainContentView.swift; sourceTree = "<group>"; };
		F2FF031B29066F2700A76844 /* Goose.gif */ = {isa = PBXFileReference; lastKnownFileType = image.gif; path = Goose.gif; sourceTree = "<group>"; };
		F2FF031D29066F9200A76844 /* GifImage.swift */ = {isa = PBXFileReference; lastKnownFileType = sourcecode.swift; path = GifImage.swift; sourceTree = "<group>"; };
		F2FF031F290676C300A76844 /* Falling sand.mp4 */ = {isa = PBXFileReference; lastKnownFileType = file; path = "Falling sand.mp4"; sourceTree = "<group>"; };
/* End PBXFileReference section */

/* Begin PBXFrameworksBuildPhase section */
		F2FF02EC2902989100A76844 /* Frameworks */ = {
			isa = PBXFrameworksBuildPhase;
			buildActionMask = 2147483647;
			files = (
				F2FF032329071A2200A76844 /* FLAnimatedImage in Frameworks */,
			);
			runOnlyForDeploymentPostprocessing = 0;
		};
/* End PBXFrameworksBuildPhase section */

/* Begin PBXGroup section */
		F2FF02E62902989100A76844 = {
			isa = PBXGroup;
			children = (
				F2FF02F12902989100A76844 /* OnboardingSwiftUI */,
				F2FF02F02902989100A76844 /* Products */,
			);
			sourceTree = "<group>";
		};
		F2FF02F02902989100A76844 /* Products */ = {
			isa = PBXGroup;
			children = (
				F2FF02EF2902989100A76844 /* OnboardingSwiftUI.app */,
			);
			name = Products;
			sourceTree = "<group>";
		};
		F2FF02F12902989100A76844 /* OnboardingSwiftUI */ = {
			isa = PBXGroup;
			children = (
				F2FF02F22902989100A76844 /* OnboardingSwiftUIApp.swift */,
				F2FF0314290665D400A76844 /* Models */,
				F2FF03162906669300A76844 /* Views */,
				F2FF03152906666100A76844 /* ContentViews */,
				F2FF0317290666B000A76844 /* Extensions */,
				F2FF0318290666D300A76844 /* Resources */,
				F2FF02F82902989200A76844 /* Preview Content */,
			);
			path = OnboardingSwiftUI;
			sourceTree = "<group>";
		};
		F2FF02F82902989200A76844 /* Preview Content */ = {
			isa = PBXGroup;
			children = (
				F2FF02F92902989200A76844 /* Preview Assets.xcassets */,
			);
			path = "Preview Content";
			sourceTree = "<group>";
		};
		F2FF0314290665D400A76844 /* Models */ = {
			isa = PBXGroup;
			children = (
				F2FF03042902B81C00A76844 /* Model.swift */,
				F2FF0312290665B200A76844 /* Player.swift */,
			);
			path = Models;
			sourceTree = "<group>";
		};
		F2FF03152906666100A76844 /* ContentViews */ = {
			isa = PBXGroup;
			children = (
				F2FF02F42902989100A76844 /* ContentView.swift */,
				F2FF03102903ECBC00A76844 /* SubscribeContentView.swift */,
				F2FF031929066A8E00A76844 /* MainContentView.swift */,
			);
			path = ContentViews;
			sourceTree = "<group>";
		};
		F2FF03162906669300A76844 /* Views */ = {
			isa = PBXGroup;
			children = (
				F2FF03022902B7CF00A76844 /* ButtonViews.swift */,
				F2FF030E2903D4E100A76844 /* PlayerView.swift */,
				F2FF031D29066F9200A76844 /* GifImage.swift */,
			);
			path = Views;
			sourceTree = "<group>";
		};
		F2FF0317290666B000A76844 /* Extensions */ = {
			isa = PBXGroup;
			children = (
				F2FF03062902BED100A76844 /* Image.swift */,
				F2FF03002902B7BE00A76844 /* Text.swift */,
			);
			path = Extensions;
			sourceTree = "<group>";
		};
		F2FF0318290666D300A76844 /* Resources */ = {
			isa = PBXGroup;
			children = (
				F2FF031F290676C300A76844 /* Falling sand.mp4 */,
				F2FF031B29066F2700A76844 /* Goose.gif */,
				F2FF02F62902989200A76844 /* Assets.xcassets */,
			);
			path = Resources;
			sourceTree = "<group>";
		};
/* End PBXGroup section */

/* Begin PBXNativeTarget section */
		F2FF02EE2902989100A76844 /* OnboardingSwiftUI */ = {
			isa = PBXNativeTarget;
			buildConfigurationList = F2FF02FD2902989200A76844 /* Build configuration list for PBXNativeTarget "OnboardingSwiftUI" */;
			buildPhases = (
				F2FF02EB2902989100A76844 /* Sources */,
				F2FF02EC2902989100A76844 /* Frameworks */,
				F2FF02ED2902989100A76844 /* Resources */,
			);
			buildRules = (
			);
			dependencies = (
			);
			name = OnboardingSwiftUI;
			packageProductDependencies = (
				F2FF032229071A2200A76844 /* FLAnimatedImage */,
			);
			productName = OnboardingSwiftUI;
			productReference = F2FF02EF2902989100A76844 /* OnboardingSwiftUI.app */;
			productType = "com.apple.product-type.application";
		};
/* End PBXNativeTarget section */

/* Begin PBXProject section */
		F2FF02E72902989100A76844 /* Project object */ = {
			isa = PBXProject;
			attributes = {
				BuildIndependentTargetsInParallel = 1;
				LastSwiftUpdateCheck = 1400;
				LastUpgradeCheck = 1400;
				TargetAttributes = {
					F2FF02EE2902989100A76844 = {
						CreatedOnToolsVersion = 14.0.1;
					};
				};
			};
			buildConfigurationList = F2FF02EA2902989100A76844 /* Build configuration list for PBXProject "OnboardingSwiftUI" */;
			compatibilityVersion = "Xcode 14.0";
			developmentRegion = en;
			hasScannedForEncodings = 0;
			knownRegions = (
				en,
				Base,
			);
			mainGroup = F2FF02E62902989100A76844;
			packageReferences = (
				F2FF032129071A2200A76844 /* XCRemoteSwiftPackageReference "FLAnimatedImage" */,
			);
			productRefGroup = F2FF02F02902989100A76844 /* Products */;
			projectDirPath = "";
			projectRoot = "";
			targets = (
				F2FF02EE2902989100A76844 /* OnboardingSwiftUI */,
			);
		};
/* End PBXProject section */

/* Begin PBXResourcesBuildPhase section */
		F2FF02ED2902989100A76844 /* Resources */ = {
			isa = PBXResourcesBuildPhase;
			buildActionMask = 2147483647;
			files = (
				F2FF02FA2902989200A76844 /* Preview Assets.xcassets in Resources */,
				F2FF031C29066F2700A76844 /* Goose.gif in Resources */,
				F2FF0320290676C300A76844 /* Falling sand.mp4 in Resources */,
				F2FF02F72902989200A76844 /* Assets.xcassets in Resources */,
			);
			runOnlyForDeploymentPostprocessing = 0;
		};
/* End PBXResourcesBuildPhase section */

/* Begin PBXSourcesBuildPhase section */
		F2FF02EB2902989100A76844 /* Sources */ = {
			isa = PBXSourcesBuildPhase;
			buildActionMask = 2147483647;
			files = (
				F2FF03052902B81C00A76844 /* Model.swift in Sources */,
				F2FF03072902BED100A76844 /* Image.swift in Sources */,
				F2FF02F52902989100A76844 /* ContentView.swift in Sources */,
				F2FF03012902B7BE00A76844 /* Text.swift in Sources */,
				F2FF031E29066F9200A76844 /* GifImage.swift in Sources */,
				F2FF030F2903D4E100A76844 /* PlayerView.swift in Sources */,
				F2FF03112903ECBC00A76844 /* SubscribeContentView.swift in Sources */,
				F2FF02F32902989100A76844 /* OnboardingSwiftUIApp.swift in Sources */,
				F2FF0313290665B200A76844 /* Player.swift in Sources */,
				F2FF03032902B7CF00A76844 /* ButtonViews.swift in Sources */,
				F2FF031A29066A8E00A76844 /* MainContentView.swift in Sources */,
			);
			runOnlyForDeploymentPostprocessing = 0;
		};
/* End PBXSourcesBuildPhase section */

/* Begin XCBuildConfiguration section */
		F2FF02FB2902989200A76844 /* Debug */ = {
			isa = XCBuildConfiguration;
			buildSettings = {
				ALWAYS_SEARCH_USER_PATHS = NO;
				CLANG_ANALYZER_NONNULL = YES;
				CLANG_ANALYZER_NUMBER_OBJECT_CONVERSION = YES_AGGRESSIVE;
				CLANG_CXX_LANGUAGE_STANDARD = "gnu++20";
				CLANG_ENABLE_MODULES = YES;
				CLANG_ENABLE_OBJC_ARC = YES;
				CLANG_ENABLE_OBJC_WEAK = YES;
				CLANG_WARN_BLOCK_CAPTURE_AUTORELEASING = YES;
				CLANG_WARN_BOOL_CONVERSION = YES;
				CLANG_WARN_COMMA = YES;
				CLANG_WARN_CONSTANT_CONVERSION = YES;
				CLANG_WARN_DEPRECATED_OBJC_IMPLEMENTATIONS = YES;
				CLANG_WARN_DIRECT_OBJC_ISA_USAGE = YES_ERROR;
				CLANG_WARN_DOCUMENTATION_COMMENTS = YES;
				CLANG_WARN_EMPTY_BODY = YES;
				CLANG_WARN_ENUM_CONVERSION = YES;
				CLANG_WARN_INFINITE_RECURSION = YES;
				CLANG_WARN_INT_CONVERSION = YES;
				CLANG_WARN_NON_LITERAL_NULL_CONVERSION = YES;
				CLANG_WARN_OBJC_IMPLICIT_RETAIN_SELF = YES;
				CLANG_WARN_OBJC_LITERAL_CONVERSION = YES;
				CLANG_WARN_OBJC_ROOT_CLASS = YES_ERROR;
				CLANG_WARN_QUOTED_INCLUDE_IN_FRAMEWORK_HEADER = YES;
				CLANG_WARN_RANGE_LOOP_ANALYSIS = YES;
				CLANG_WARN_STRICT_PROTOTYPES = YES;
				CLANG_WARN_SUSPICIOUS_MOVE = YES;
				CLANG_WARN_UNGUARDED_AVAILABILITY = YES_AGGRESSIVE;
				CLANG_WARN_UNREACHABLE_CODE = YES;
				CLANG_WARN__DUPLICATE_METHOD_MATCH = YES;
				COPY_PHASE_STRIP = NO;
				DEBUG_INFORMATION_FORMAT = dwarf;
				ENABLE_STRICT_OBJC_MSGSEND = YES;
				ENABLE_TESTABILITY = YES;
				GCC_C_LANGUAGE_STANDARD = gnu11;
				GCC_DYNAMIC_NO_PIC = NO;
				GCC_NO_COMMON_BLOCKS = YES;
				GCC_OPTIMIZATION_LEVEL = 0;
				GCC_PREPROCESSOR_DEFINITIONS = (
					"DEBUG=1",
					"$(inherited)",
				);
				GCC_WARN_64_TO_32_BIT_CONVERSION = YES;
				GCC_WARN_ABOUT_RETURN_TYPE = YES_ERROR;
				GCC_WARN_UNDECLARED_SELECTOR = YES;
				GCC_WARN_UNINITIALIZED_AUTOS = YES_AGGRESSIVE;
				GCC_WARN_UNUSED_FUNCTION = YES;
				GCC_WARN_UNUSED_VARIABLE = YES;
				IPHONEOS_DEPLOYMENT_TARGET = 16.0;
				MTL_ENABLE_DEBUG_INFO = INCLUDE_SOURCE;
				MTL_FAST_MATH = YES;
				ONLY_ACTIVE_ARCH = YES;
				SDKROOT = iphoneos;
				SWIFT_ACTIVE_COMPILATION_CONDITIONS = DEBUG;
				SWIFT_OPTIMIZATION_LEVEL = "-Onone";
			};
			name = Debug;
		};
		F2FF02FC2902989200A76844 /* Release */ = {
			isa = XCBuildConfiguration;
			buildSettings = {
				ALWAYS_SEARCH_USER_PATHS = NO;
				CLANG_ANALYZER_NONNULL = YES;
				CLANG_ANALYZER_NUMBER_OBJECT_CONVERSION = YES_AGGRESSIVE;
				CLANG_CXX_LANGUAGE_STANDARD = "gnu++20";
				CLANG_ENABLE_MODULES = YES;
				CLANG_ENABLE_OBJC_ARC = YES;
				CLANG_ENABLE_OBJC_WEAK = YES;
				CLANG_WARN_BLOCK_CAPTURE_AUTORELEASING = YES;
				CLANG_WARN_BOOL_CONVERSION = YES;
				CLANG_WARN_COMMA = YES;
				CLANG_WARN_CONSTANT_CONVERSION = YES;
				CLANG_WARN_DEPRECATED_OBJC_IMPLEMENTATIONS = YES;
				CLANG_WARN_DIRECT_OBJC_ISA_USAGE = YES_ERROR;
				CLANG_WARN_DOCUMENTATION_COMMENTS = YES;
				CLANG_WARN_EMPTY_BODY = YES;
				CLANG_WARN_ENUM_CONVERSION = YES;
				CLANG_WARN_INFINITE_RECURSION = YES;
				CLANG_WARN_INT_CONVERSION = YES;
				CLANG_WARN_NON_LITERAL_NULL_CONVERSION = YES;
				CLANG_WARN_OBJC_IMPLICIT_RETAIN_SELF = YES;
				CLANG_WARN_OBJC_LITERAL_CONVERSION = YES;
				CLANG_WARN_OBJC_ROOT_CLASS = YES_ERROR;
				CLANG_WARN_QUOTED_INCLUDE_IN_FRAMEWORK_HEADER = YES;
				CLANG_WARN_RANGE_LOOP_ANALYSIS = YES;
				CLANG_WARN_STRICT_PROTOTYPES = YES;
				CLANG_WARN_SUSPICIOUS_MOVE = YES;
				CLANG_WARN_UNGUARDED_AVAILABILITY = YES_AGGRESSIVE;
				CLANG_WARN_UNREACHABLE_CODE = YES;
				CLANG_WARN__DUPLICATE_METHOD_MATCH = YES;
				COPY_PHASE_STRIP = NO;
				DEBUG_INFORMATION_FORMAT = "dwarf-with-dsym";
				ENABLE_NS_ASSERTIONS = NO;
				ENABLE_STRICT_OBJC_MSGSEND = YES;
				GCC_C_LANGUAGE_STANDARD = gnu11;
				GCC_NO_COMMON_BLOCKS = YES;
				GCC_WARN_64_TO_32_BIT_CONVERSION = YES;
				GCC_WARN_ABOUT_RETURN_TYPE = YES_ERROR;
				GCC_WARN_UNDECLARED_SELECTOR = YES;
				GCC_WARN_UNINITIALIZED_AUTOS = YES_AGGRESSIVE;
				GCC_WARN_UNUSED_FUNCTION = YES;
				GCC_WARN_UNUSED_VARIABLE = YES;
				IPHONEOS_DEPLOYMENT_TARGET = 16.0;
				MTL_ENABLE_DEBUG_INFO = NO;
				MTL_FAST_MATH = YES;
				SDKROOT = iphoneos;
				SWIFT_COMPILATION_MODE = wholemodule;
				SWIFT_OPTIMIZATION_LEVEL = "-O";
				VALIDATE_PRODUCT = YES;
			};
			name = Release;
		};
		F2FF02FE2902989200A76844 /* Debug */ = {
			isa = XCBuildConfiguration;
			buildSettings = {
				ASSETCATALOG_COMPILER_APPICON_NAME = AppIcon;
				ASSETCATALOG_COMPILER_GLOBAL_ACCENT_COLOR_NAME = AccentColor;
				CODE_SIGN_STYLE = Automatic;
				CURRENT_PROJECT_VERSION = 1;
				DEVELOPMENT_ASSET_PATHS = "\"OnboardingSwiftUI/Preview Content\"";
				DEVELOPMENT_TEAM = 2465ZH8J2R;
				ENABLE_PREVIEWS = YES;
				GENERATE_INFOPLIST_FILE = YES;
				INFOPLIST_KEY_CFBundleDisplayName = Onboarding;
				INFOPLIST_KEY_UIApplicationSceneManifest_Generation = YES;
				INFOPLIST_KEY_UIApplicationSupportsIndirectInputEvents = YES;
				INFOPLIST_KEY_UILaunchScreen_Generation = YES;
				INFOPLIST_KEY_UISupportedInterfaceOrientations = UIInterfaceOrientationPortrait;
				INFOPLIST_KEY_UISupportedInterfaceOrientations_iPad = "UIInterfaceOrientationLandscapeLeft UIInterfaceOrientationLandscapeRight";
				IPHONEOS_DEPLOYMENT_TARGET = 15.0;
				LD_RUNPATH_SEARCH_PATHS = (
					"$(inherited)",
					"@executable_path/Frameworks",
				);
				MARKETING_VERSION = 1.0;
				PRODUCT_BUNDLE_IDENTIFIER = by.kseniyasmirnova.OnboardingSwiftUI;
				PRODUCT_NAME = "$(TARGET_NAME)";
				SUPPORTED_PLATFORMS = "iphoneos iphonesimulator";
				SUPPORTS_MACCATALYST = NO;
				SUPPORTS_MAC_DESIGNED_FOR_IPHONE_IPAD = NO;
				SWIFT_EMIT_LOC_STRINGS = YES;
				SWIFT_VERSION = 5.0;
				TARGETED_DEVICE_FAMILY = 1;
			};
			name = Debug;
		};
		F2FF02FF2902989200A76844 /* Release */ = {
			isa = XCBuildConfiguration;
			buildSettings = {
				ASSETCATALOG_COMPILER_APPICON_NAME = AppIcon;
				ASSETCATALOG_COMPILER_GLOBAL_ACCENT_COLOR_NAME = AccentColor;
				CODE_SIGN_STYLE = Automatic;
				CURRENT_PROJECT_VERSION = 1;
				DEVELOPMENT_ASSET_PATHS = "\"OnboardingSwiftUI/Preview Content\"";
				DEVELOPMENT_TEAM = 2465ZH8J2R;
				ENABLE_PREVIEWS = YES;
				GENERATE_INFOPLIST_FILE = YES;
				INFOPLIST_KEY_CFBundleDisplayName = Onboarding;
				INFOPLIST_KEY_UIApplicationSceneManifest_Generation = YES;
				INFOPLIST_KEY_UIApplicationSupportsIndirectInputEvents = YES;
				INFOPLIST_KEY_UILaunchScreen_Generation = YES;
				INFOPLIST_KEY_UISupportedInterfaceOrientations = UIInterfaceOrientationPortrait;
				INFOPLIST_KEY_UISupportedInterfaceOrientations_iPad = "UIInterfaceOrientationLandscapeLeft UIInterfaceOrientationLandscapeRight";
				IPHONEOS_DEPLOYMENT_TARGET = 15.0;
				LD_RUNPATH_SEARCH_PATHS = (
					"$(inherited)",
					"@executable_path/Frameworks",
				);
				MARKETING_VERSION = 1.0;
				PRODUCT_BUNDLE_IDENTIFIER = by.kseniyasmirnova.OnboardingSwiftUI;
				PRODUCT_NAME = "$(TARGET_NAME)";
				SUPPORTED_PLATFORMS = "iphoneos iphonesimulator";
				SUPPORTS_MACCATALYST = NO;
				SUPPORTS_MAC_DESIGNED_FOR_IPHONE_IPAD = NO;
				SWIFT_EMIT_LOC_STRINGS = YES;
				SWIFT_VERSION = 5.0;
				TARGETED_DEVICE_FAMILY = 1;
			};
			name = Release;
		};
/* End XCBuildConfiguration section */

/* Begin XCConfigurationList section */
		F2FF02EA2902989100A76844 /* Build configuration list for PBXProject "OnboardingSwiftUI" */ = {
			isa = XCConfigurationList;
			buildConfigurations = (
				F2FF02FB2902989200A76844 /* Debug */,
				F2FF02FC2902989200A76844 /* Release */,
			);
			defaultConfigurationIsVisible = 0;
			defaultConfigurationName = Release;
		};
		F2FF02FD2902989200A76844 /* Build configuration list for PBXNativeTarget "OnboardingSwiftUI" */ = {
			isa = XCConfigurationList;
			buildConfigurations = (
				F2FF02FE2902989200A76844 /* Debug */,
				F2FF02FF2902989200A76844 /* Release */,
			);
			defaultConfigurationIsVisible = 0;
			defaultConfigurationName = Release;
		};
/* End XCConfigurationList section */

/* Begin XCRemoteSwiftPackageReference section */
		F2FF032129071A2200A76844 /* XCRemoteSwiftPackageReference "FLAnimatedImage" */ = {
			isa = XCRemoteSwiftPackageReference;
			repositoryURL = "https://github.com/Flipboard/FLAnimatedImage.git";
			requirement = {
				kind = upToNextMajorVersion;
				minimumVersion = 1.0.0;
			};
		};
/* End XCRemoteSwiftPackageReference section */

/* Begin XCSwiftPackageProductDependency section */
		F2FF032229071A2200A76844 /* FLAnimatedImage */ = {
			isa = XCSwiftPackageProductDependency;
			package = F2FF032129071A2200A76844 /* XCRemoteSwiftPackageReference "FLAnimatedImage" */;
			productName = FLAnimatedImage;
		};
/* End XCSwiftPackageProductDependency section */
	};
	rootObject = F2FF02E72902989100A76844 /* Project object */;
}
